
Microsoft Visual Studio Solution File, Format Version 12.00
# Visual Studio Version 16
VisualStudioVersion = 16.0.30204.135
MinimumVisualStudioVersion = 10.0.40219.1
Project("{9A19103F-16F7-4668-BE54-9A1E7A4F7556}") = "KampIntro", "KampIntro\KampIntro.csproj", "{74884613-EC49-4747-B43F-3264DF7031F0}"
EndProject
Project("{9A19103F-16F7-4668-BE54-9A1E7A4F7556}") = "Donguler", "Donguler\Donguler.csproj", "{0A61B927-F438-4133-BA2B-E5685F487459}"
EndProject
Project("{FAE04EC0-301F-11D3-BF4B-00C04F79EFBC}") = "Metotlar", "Metotlar\Metotlar.csproj", "{0BFA98E3-5DA2-4D6F-878B-BD9B79FD8F43}"
EndProject
Project("{FAE04EC0-301F-11D3-BF4B-00C04F79EFBC}") = "Matematik", "Matematik\Matematik.csproj", "{4AE74163-ACFD-4853-AC05-E043C7593521}"
EndProject
Project("{FAE04EC0-301F-11D3-BF4B-00C04F79EFBC}") = "DegerVeRefaransTipler", "DegerVeRefaransTipler\DegerVeRefaransTipler.csproj", "{73201B3D-CB37-47BE-BAA8-6313DA8AE654}"
EndProject
Global
	GlobalSection(SolutionConfigurationPlatforms) = preSolution
		Debug|Any CPU = Debug|Any CPU
		Release|Any CPU = Release|Any CPU
	EndGlobalSection
	GlobalSection(ProjectConfigurationPlatforms) = postSolution
		{74884613-EC49-4747-B43F-3264DF7031F0}.Debug|Any CPU.ActiveCfg = Debug|Any CPU
		{74884613-EC49-4747-B43F-3264DF7031F0}.Debug|Any CPU.Build.0 = Debug|Any CPU
		{74884613-EC49-4747-B43F-3264DF7031F0}.Release|Any CPU.ActiveCfg = Release|Any CPU
		{74884613-EC49-4747-B43F-3264DF7031F0}.Release|Any CPU.Build.0 = Release|Any CPU
		{0A61B927-F438-4133-BA2B-E5685F487459}.Debug|Any CPU.ActiveCfg = Debug|Any CPU
		{0A61B927-F438-4133-BA2B-E5685F487459}.Debug|Any CPU.Build.0 = Debug|Any CPU
		{0A61B927-F438-4133-BA2B-E5685F487459}.Release|Any CPU.ActiveCfg = Release|Any CPU
		{0A61B927-F438-4133-BA2B-E5685F487459}.Release|Any CPU.Build.0 = Release|Any CPU
		{0BFA98E3-5DA2-4D6F-878B-BD9B79FD8F43}.Debug|Any CPU.ActiveCfg = Debug|Any CPU
		{0BFA98E3-5DA2-4D6F-878B-BD9B79FD8F43}.Debug|Any CPU.Build.0 = Debug|Any CPU
		{0BFA98E3-5DA2-4D6F-878B-BD9B79FD8F43}.Release|Any CPU.ActiveCfg = Release|Any CPU
		{0BFA98E3-5DA2-4D6F-878B-BD9B79FD8F43}.Release|Any CPU.Build.0 = Release|Any CPU
		{4AE74163-ACFD-4853-AC05-E043C7593521}.Debug|Any CPU.ActiveCfg = Debug|Any CPU
		{4AE74163-ACFD-4853-AC05-E043C7593521}.Debug|Any CPU.Build.0 = Debug|Any CPU
		{4AE74163-ACFD-4853-AC05-E043C7593521}.Release|Any CPU.ActiveCfg = Release|Any CPU
		{4AE74163-ACFD-4853-AC05-E043C7593521}.Release|Any CPU.Build.0 = Release|Any CPU
		{73201B3D-CB37-47BE-BAA8-6313DA8AE654}.Debug|Any CPU.ActiveCfg = Debug|Any CPU
		{73201B3D-CB37-47BE-BAA8-6313DA8AE654}.Debug|Any CPU.Build.0 = Debug|Any CPU
		{73201B3D-CB37-47BE-BAA8-6313DA8AE654}.Release|Any CPU.ActiveCfg = Release|Any CPU
		{73201B3D-CB37-47BE-BAA8-6313DA8AE654}.Release|Any CPU.Build.0 = Release|Any CPU
	EndGlobalSection
	GlobalSection(SolutionProperties) = preSolution
		HideSolutionNode = FALSE
	EndGlobalSection
	GlobalSection(ExtensibilityGlobals) = postSolution
		SolutionGuid = {F61D23A0-8B7C-455C-9404-87487907903C}
	EndGlobalSection
EndGlobal
